hash: 20a3d42a0c6eb6b615480e88560c128223b47a4e8907a602a45217ee69b7205c
updated: 2016-05-05T13:58:50.210375854+02:00
imports:
- name: github.com/dgrijalva/jwt-go
  version: 6bde83e2d052f56259bc66e1d8210ff13d3584c1
- name: github.com/emanoelxavier/openid2go
  version: ""
  subpackages:
  - openid
- name: github.com/jinzhu/gorm
  version: ""
- name: github.com/jinzhu/inflection
  version: 6bde83e2d052f56259bc66e1d8210ff13d3584c1
- name: github.com/julienschmidt/httprouter
  version: ""
- name: github.com/lib/pq
  version: ""
  subpackages:
  - oid
- name: github.com/pelletier/go-buffruneio
  version: df1e16fde7fc330a0ca68167c23bf7ed6ac31d6d
- name: github.com/pelletier/go-toml
  version: 8e6ab94eec2ae84996ed00ec774b2e15c540d7f9
- name: github.com/satori/go.uuid
  version: ""
- name: github.com/Sirupsen/logrus
  version: ""
- name: github.com/square/go-jose
  version: 6bde83e2d052f56259bc66e1d8210ff13d3584c1
  subpackages:
  - cipher
  - json
devImports: []
